
Microsoft Visual Studio Solution File, Format Version 12.00
# Visual Studio Version 17
VisualStudioVersion = 17.0.32112.339
MinimumVisualStudioVersion = 10.0.40219.1
Project("{FAE04EC0-301F-11D3-BF4B-00C04F79EFBC}") = "Proyecto 1 matrices", "Proyecto 1 matrices\Proyecto 1 matrices.csproj", "{F2C2A28A-AE48-4FDD-8617-71EB7B13F8BE}"
EndProject
Global
	GlobalSection(SolutionConfigurationPlatforms) = preSolution
		Debug|Any CPU = Debug|Any CPU
		Release|Any CPU = Release|Any CPU
	EndGlobalSection
	GlobalSection(ProjectConfigurationPlatforms) = postSolution
		{F2C2A28A-AE48-4FDD-8617-71EB7B13F8BE}.Debug|Any CPU.ActiveCfg = Debug|Any CPU
		{F2C2A28A-AE48-4FDD-8617-71EB7B13F8BE}.Debug|Any CPU.Build.0 = Debug|Any CPU
		{F2C2A28A-AE48-4FDD-8617-71EB7B13F8BE}.Release|Any CPU.ActiveCfg = Release|Any CPU
		{F2C2A28A-AE48-4FDD-8617-71EB7B13F8BE}.Release|Any CPU.Build.0 = Release|Any CPU
	EndGlobalSection
	GlobalSection(SolutionProperties) = preSolution
		HideSolutionNode = FALSE
	EndGlobalSection
	GlobalSection(ExtensibilityGlobals) = postSolution
		SolutionGuid = {131E6C48-C468-4DEA-BAA4-8267B8A4AA85}
	EndGlobalSection
EndGlobal
